// !$*UTF8*$!
{
	archiveVersion = 1;
	classes = {
	};
	objectVersion = 46;
	objects = {

/* Begin PBXBuildFile section */
		5CACED541A63920800624E30 /* AppDelegate.swift in Sources */ = {isa = PBXBuildFile; fileRef = 5CACED531A63920800624E30 /* AppDelegate.swift */; };
		5CACED561A63920800624E30 /* ViewController.swift in Sources */ = {isa = PBXBuildFile; fileRef = 5CACED551A63920800624E30 /* ViewController.swift */; };
		5CACED591A63920800624E30 /* Main.storyboard in Resources */ = {isa = PBXBuildFile; fileRef = 5CACED571A63920800624E30 /* Main.storyboard */; };
		5CACED5B1A63920800624E30 /* Images.xcassets in Resources */ = {isa = PBXBuildFile; fileRef = 5CACED5A1A63920800624E30 /* Images.xcassets */; };
		5CACED5E1A63920800624E30 /* LaunchScreen.xib in Resources */ = {isa = PBXBuildFile; fileRef = 5CACED5C1A63920800624E30 /* LaunchScreen.xib */; };
		5CACED6A1A63920800624E30 /* SwiftCallOCTests.swift in Sources */ = {isa = PBXBuildFile; fileRef = 5CACED691A63920800624E30 /* SwiftCallOCTests.swift */; };
		5CACED761A63925600624E30 /* OCCalss.m in Sources */ = {isa = PBXBuildFile; fileRef = 5CACED751A63925600624E30 /* OCCalss.m */; };
/* End PBXBuildFile section */

/* Begin PBXContainerItemProxy section */
		5CACED641A63920800624E30 /* PBXContainerItemProxy */ = {
			isa = PBXContainerItemProxy;
			containerPortal = 5CACED461A63920800624E30 /* Project object */;
			proxyType = 1;
			remoteGlobalIDString = 5CACED4D1A63920800624E30;
			remoteInfo = SwiftCallOC;
		};
/* End PBXContainerItemProxy section */

/* Begin PBXFileReference section */
		5CACED4E1A63920800624E30 /* SwiftCallOC.app */ = {isa = PBXFileReference; explicitFileType = wrapper.application; includeInIndex = 0; path = SwiftCallOC.app; sourceTree = BUILT_PRODUCTS_DIR; };
		5CACED521A63920800624E30 /* Info.plist */ = {isa = PBXFileReference; lastKnownFileType = text.plist.xml; path = Info.plist; sourceTree = "<group>"; };
		5CACED531A63920800624E30 /* AppDelegate.swift */ = {isa = PBXFileReference; lastKnownFileType = sourcecode.swift; path = AppDelegate.swift; sourceTree = "<group>"; };
		5CACED551A63920800624E30 /* ViewController.swift */ = {isa = PBXFileReference; lastKnownFileType = sourcecode.swift; path = ViewController.swift; sourceTree = "<group>"; };
		5CACED581A63920800624E30 /* Base */ = {isa = PBXFileReference; lastKnownFileType = file.storyboard; name = Base; path = Base.lproj/Main.storyboard; sourceTree = "<group>"; };
		5CACED5A1A63920800624E30 /* Images.xcassets */ = {isa = PBXFileReference; lastKnownFileType = folder.assetcatalog; path = Images.xcassets; sourceTree = "<group>"; };
		5CACED5D1A63920800624E30 /* Base */ = {isa = PBXFileReference; lastKnownFileType = file.xib; name = Base; path = Base.lproj/LaunchScreen.xib; sourceTree = "<group>"; };
		5CACED631A63920800624E30 /* SwiftCallOCTests.xctest */ = {isa = PBXFileReference; explicitFileType = wrapper.cfbundle; includeInIndex = 0; path = SwiftCallOCTests.xctest; sourceTree = BUILT_PRODUCTS_DIR; };
		5CACED681A63920800624E30 /* Info.plist */ = {isa = PBXFileReference; lastKnownFileType = text.plist.xml; path = Info.plist; sourceTree = "<group>"; };
		5CACED691A63920800624E30 /* SwiftCallOCTests.swift */ = {isa = PBXFileReference; lastKnownFileType = sourcecode.swift; path = SwiftCallOCTests.swift; sourceTree = "<group>"; };
		5CACED731A63925500624E30 /* SwiftCallOC-Bridging-Header.h */ = {isa = PBXFileReference; lastKnownFileType = sourcecode.c.h; path = "SwiftCallOC-Bridging-Header.h"; sourceTree = "<group>"; };
		5CACED741A63925600624E30 /* OCCalss.h */ = {isa = PBXFileReference; fileEncoding = 4; lastKnownFileType = sourcecode.c.h; path = OCCalss.h; sourceTree = "<group>"; };
		5CACED751A63925600624E30 /* OCCalss.m */ = {isa = PBXFileReference; fileEncoding = 4; lastKnownFileType = sourcecode.c.objc; path = OCCalss.m; sourceTree = "<group>"; };
/* End PBXFileReference section */

/* Begin PBXFrameworksBuildPhase section */
		5CACED4B1A63920800624E30 /* Frameworks */ = {
			isa = PBXFrameworksBuildPhase;
			buildActionMask = 2147483647;
			files = (
			);
			runOnlyForDeploymentPostprocessing = 0;
		};
		5CACED601A63920800624E30 /* Frameworks */ = {
			isa = PBXFrameworksBuildPhase;
			buildActionMask = 2147483647;
			files = (
			);
			runOnlyForDeploymentPostprocessing = 0;
		};
/* End PBXFrameworksBuildPhase section */

/* Begin PBXGroup section */
		5CACED451A63920800624E30 = {
			isa = PBXGroup;
			children = (
				5CACED501A63920800624E30 /* SwiftCallOC */,
				5CACED661A63920800624E30 /* SwiftCallOCTests */,
				5CACED4F1A63920800624E30 /* Products */,
			);
			sourceTree = "<group>";
		};
		5CACED4F1A63920800624E30 /* Products */ = {
			isa = PBXGroup;
			children = (
				5CACED4E1A63920800624E30 /* SwiftCallOC.app */,
				5CACED631A63920800624E30 /* SwiftCallOCTests.xctest */,
			);
			name = Products;
			sourceTree = "<group>";
		};
		5CACED501A63920800624E30 /* SwiftCallOC */ = {
			isa = PBXGroup;
			children = (
				5CACED531A63920800624E30 /* AppDelegate.swift */,
				5CACED551A63920800624E30 /* ViewController.swift */,
				5CACED571A63920800624E30 /* Main.storyboard */,
				5CACED5A1A63920800624E30 /* Images.xcassets */,
				5CACED5C1A63920800624E30 /* LaunchScreen.xib */,
				5CACED511A63920800624E30 /* Supporting Files */,
				5CACED741A63925600624E30 /* OCCalss.h */,
				5CACED751A63925600624E30 /* OCCalss.m */,
				5CACED731A63925500624E30 /* SwiftCallOC-Bridging-Header.h */,
			);
			path = SwiftCallOC;
			sourceTree = "<group>";
		};
		5CACED511A63920800624E30 /* Supporting Files */ = {
			isa = PBXGroup;
			children = (
				5CACED521A63920800624E30 /* Info.plist */,
			);
			name = "Supporting Files";
			sourceTree = "<group>";
		};
		5CACED661A63920800624E30 /* SwiftCallOCTests */ = {
			isa = PBXGroup;
			children = (
				5CACED691A63920800624E30 /* SwiftCallOCTests.swift */,
				5CACED671A63920800624E30 /* Supporting Files */,
			);
			path = SwiftCallOCTests;
			sourceTree = "<group>";
		};
		5CACED671A63920800624E30 /* Supporting Files */ = {
			isa = PBXGroup;
			children = (
				5CACED681A63920800624E30 /* Info.plist */,
			);
			name = "Supporting Files";
			sourceTree = "<group>";
		};
/* End PBXGroup section */

/* Begin PBXNativeTarget section */
		5CACED4D1A63920800624E30 /* SwiftCallOC */ = {
			isa = PBXNativeTarget;
			buildConfigurationList = 5CACED6D1A63920800624E30 /* Build configuration list for PBXNativeTarget "SwiftCallOC" */;
			buildPhases = (
				5CACED4A1A63920800624E30 /* Sources */,
				5CACED4B1A63920800624E30 /* Frameworks */,
				5CACED4C1A63920800624E30 /* Resources */,
			);
			buildRules = (
			);
			dependencies = (
			);
			name = SwiftCallOC;
			productName = SwiftCallOC;
			productReference = 5CACED4E1A63920800624E30 /* SwiftCallOC.app */;
			productType = "com.apple.product-type.application";
		};
		5CACED621A63920800624E30 /* SwiftCallOCTests */ = {
			isa = PBXNativeTarget;
			buildConfigurationList = 5CACED701A63920800624E30 /* Build configuration list for PBXNativeTarget "SwiftCallOCTests" */;
			buildPhases = (
				5CACED5F1A63920800624E30 /* Sources */,
				5CACED601A63920800624E30 /* Frameworks */,
				5CACED611A63920800624E30 /* Resources */,
			);
			buildRules = (
			);
			dependencies = (
				5CACED651A63920800624E30 /* PBXTargetDependency */,
			);
			name = SwiftCallOCTests;
			productName = SwiftCallOCTests;
			productReference = 5CACED631A63920800624E30 /* SwiftCallOCTests.xctest */;
			productType = "com.apple.product-type.bundle.unit-test";
		};
/* End PBXNativeTarget section */

/* Begin PBXProject section */
		5CACED461A63920800624E30 /* Project object */ = {
			isa = PBXProject;
			attributes = {
				LastSwiftMigration = 0730;
				LastSwiftUpdateCheck = 0730;
				LastUpgradeCheck = 0610;
				ORGANIZATIONNAME = company;
				TargetAttributes = {
					5CACED4D1A63920800624E30 = {
						CreatedOnToolsVersion = 6.1.1;
					};
					5CACED621A63920800624E30 = {
						CreatedOnToolsVersion = 6.1.1;
						TestTargetID = 5CACED4D1A63920800624E30;
					};
				};
			};
			buildConfigurationList = 5CACED491A63920800624E30 /* Build configuration list for PBXProject "SwiftCallOC" */;
			compatibilityVersion = "Xcode 3.2";
			developmentRegion = English;
			hasScannedForEncodings = 0;
			knownRegions = (
				en,
				Base,
			);
			mainGroup = 5CACED451A63920800624E30;
			productRefGroup = 5CACED4F1A63920800624E30 /* Products */;
			projectDirPath = "";
			projectRoot = "";
			targets = (
				5CACED4D1A63920800624E30 /* SwiftCallOC */,
				5CACED621A63920800624E30 /* SwiftCallOCTests */,
			);
		};
/* End PBXProject section */

/* Begin PBXResourcesBuildPhase section */
		5CACED4C1A63920800624E30 /* Resources */ = {
			isa = PBXResourcesBuildPhase;
			buildActionMask = 2147483647;
			files = (
				5CACED591A63920800624E30 /* Main.storyboard in Resources */,
				5CACED5E1A63920800624E30 /* LaunchScreen.xib in Resources */,
				5CACED5B1A63920800624E30 /* Images.xcassets in Resources */,
			);
			runOnlyForDeploymentPostprocessing = 0;
		};
		5CACED611A63920800624E30 /* Resources */ = {
			isa = PBXResourcesBuildPhase;
			buildActionMask = 2147483647;
			files = (
			);
			runOnlyForDeploymentPostprocessing = 0;
		};
/* End PBXResourcesBuildPhase section */

/* Begin PBXSourcesBuildPhase section */
		5CACED4A1A63920800624E30 /* Sources */ = {
			isa = PBXSourcesBuildPhase;
			buildActionMask = 2147483647;
			files = (
				5CACED761A63925600624E30 /* OCCalss.m in Sources */,
				5CACED561A63920800624E30 /* ViewController.swift in Sources */,
				5CACED541A63920800624E30 /* AppDelegate.swift in Sources */,
			);
			runOnlyForDeploymentPostprocessing = 0;
		};
		5CACED5F1A63920800624E30 /* Sources */ = {
			isa = PBXSourcesBuildPhase;
			buildActionMask = 2147483647;
			files = (
				5CACED6A1A63920800624E30 /* SwiftCallOCTests.swift in Sources */,
			);
			runOnlyForDeploymentPostprocessing = 0;
		};
/* End PBXSourcesBuildPhase section */

/* Begin PBXTargetDependency section */
		5CACED651A63920800624E30 /* PBXTargetDependency */ = {
			isa = PBXTargetDependency;
			target = 5CACED4D1A63920800624E30 /* SwiftCallOC */;
			targetProxy = 5CACED641A63920800624E30 /* PBXContainerItemProxy */;
		};
/* End PBXTargetDependency section */

/* Begin PBXVariantGroup section */
		5CACED571A63920800624E30 /* Main.storyboard */ = {
			isa = PBXVariantGroup;
			children = (
				5CACED581A63920800624E30 /* Base */,
			);
			name = Main.storyboard;
			sourceTree = "<group>";
		};
		5CACED5C1A63920800624E30 /* LaunchScreen.xib */ = {
			isa = PBXVariantGroup;
			children = (
				5CACED5D1A63920800624E30 /* Base */,
			);
			name = LaunchScreen.xib;
			sourceTree = "<group>";
		};
/* End PBXVariantGroup section */

/* Begin XCBuildConfiguration section */
		5CACED6B1A63920800624E30 /* Debug */ = {
			isa = XCBuildConfiguration;
			buildSettings = {
				ALWAYS_SEARCH_USER_PATHS = NO;
				CLANG_CXX_LANGUAGE_STANDARD = "gnu++0x";
				CLANG_CXX_LIBRARY = "libc++";
				CLANG_ENABLE_MODULES = YES;
				CLANG_ENABLE_OBJC_ARC = YES;
				CLANG_WARN_BOOL_CONVERSION = YES;
				CLANG_WARN_CONSTANT_CONVERSION = YES;
				CLANG_WARN_DIRECT_OBJC_ISA_USAGE = YES_ERROR;
				CLANG_WARN_EMPTY_BODY = YES;
				CLANG_WARN_ENUM_CONVERSION = YES;
				CLANG_WARN_INT_CONVERSION = YES;
				CLANG_WARN_OBJC_ROOT_CLASS = YES_ERROR;
				CLANG_WARN_UNREACHABLE_CODE = YES;
				CLANG_WARN__DUPLICATE_METHOD_MATCH = YES;
				"CODE_SIGN_IDENTITY[sdk=iphoneos*]" = "iPhone Developer";
				COPY_PHASE_STRIP = NO;
				ENABLE_STRICT_OBJC_MSGSEND = YES;
				GCC_C_LANGUAGE_STANDARD = gnu99;
				GCC_DYNAMIC_NO_PIC = NO;
				GCC_OPTIMIZATION_LEVEL = 0;
				GCC_PREPROCESSOR_DEFINITIONS = (
					"DEBUG=1",
					"$(inherited)",
				);
				GCC_SYMBOLS_PRIVATE_EXTERN = NO;
				GCC_WARN_64_TO_32_BIT_CONVERSION = YES;
				GCC_WARN_ABOUT_RETURN_TYPE = YES_ERROR;
				GCC_WARN_UNDECLARED_SELECTOR = YES;
				GCC_WARN_UNINITIALIZED_AUTOS = YES_AGGRESSIVE;
				GCC_WARN_UNUSED_FUNCTION = YES;
				GCC_WARN_UNUSED_VARIABLE = YES;
				IPHONEOS_DEPLOYMENT_TARGET = 8.1;
				MTL_ENABLE_DEBUG_INFO = YES;
				ONLY_ACTIVE_ARCH = YES;
				SDKROOT = iphoneos;
				SWIFT_OPTIMIZATION_LEVEL = "-Onone";
			};
			name = Debug;
		};
		5CACED6C1A63920800624E30 /* Release */ = {
			isa = XCBuildConfiguration;
			buildSettings = {
				ALWAYS_SEARCH_USER_PATHS = NO;
				CLANG_CXX_LANGUAGE_STANDARD = "gnu++0x";
				CLANG_CXX_LIBRARY = "libc++";
				CLANG_ENABLE_MODULES = YES;
				CLANG_ENABLE_OBJC_ARC = YES;
				CLANG_WARN_BOOL_CONVERSION = YES;
				CLANG_WARN_CONSTANT_CONVERSION = YES;
				CLANG_WARN_DIRECT_OBJC_ISA_USAGE = YES_ERROR;
				CLANG_WARN_EMPTY_BODY = YES;
				CLANG_WARN_ENUM_CONVERSION = YES;
				CLANG_WARN_INT_CONVERSION = YES;
				CLANG_WARN_OBJC_ROOT_CLASS = YES_ERROR;
				CLANG_WARN_UNREACHABLE_CODE = YES;
				CLANG_WARN__DUPLICATE_METHOD_MATCH = YES;
				"CODE_SIGN_IDENTITY[sdk=iphoneos*]" = "iPhone Developer";
				COPY_PHASE_STRIP = YES;
				ENABLE_NS_ASSERTIONS = NO;
				ENABLE_STRICT_OBJC_MSGSEND = YES;
				GCC_C_LANGUAGE_STANDARD = gnu99;
				GCC_WARN_64_TO_32_BIT_CONVERSION = YES;
				GCC_WARN_ABOUT_RETURN_TYPE = YES_ERROR;
				GCC_WARN_UNDECLARED_SELECTOR = YES;
				GCC_WARN_UNINITIALIZED_AUTOS = YES_AGGRESSIVE;
				GCC_WARN_UNUSED_FUNCTION = YES;
				GCC_WARN_UNUSED_VARIABLE = YES;
				IPHONEOS_DEPLOYMENT_TARGET = 8.1;
				MTL_ENABLE_DEBUG_INFO = NO;
				SDKROOT = iphoneos;
				VALIDATE_PRODUCT = YES;
			};
			name = Release;
		};
		5CACED6E1A63920800624E30 /* Debug */ = {
			isa = XCBuildConfiguration;
			buildSettings = {
				ASSETCATALOG_COMPILER_APPICON_NAME = AppIcon;
				CLANG_ENABLE_MODULES = YES;
				INFOPLIST_FILE = SwiftCallOC/Info.plist;
				LD_RUNPATH_SEARCH_PATHS = "$(inherited) @executable_path/Frameworks";
				PRODUCT_NAME = "$(TARGET_NAME)";
				SWIFT_OBJC_BRIDGING_HEADER = "SwiftCallOC/SwiftCallOC-Bridging-Header.h";
				SWIFT_OPTIMIZATION_LEVEL = "-Onone";
			};
			name = Debug;
		};
		5CACED6F1A63920800624E30 /* Release */ = {
			isa = XCBuildConfiguration;
			buildSettings = {
				ASSETCATALOG_COMPILER_APPICON_NAME = AppIcon;
				CLANG_ENABLE_MODULES = YES;
				INFOPLIST_FILE = SwiftCallOC/Info.plist;
				LD_RUNPATH_SEARCH_PATHS = "$(inherited) @executable_path/Frameworks";
				PRODUCT_NAME = "$(TARGET_NAME)";
				SWIFT_OBJC_BRIDGING_HEADER = "SwiftCallOC/SwiftCallOC-Bridging-Header.h";
			};
			name = Release;
		};
		5CACED711A63920800624E30 /* Debug */ = {
			isa = XCBuildConfiguration;
			buildSettings = {
				BUNDLE_LOADER = "$(TEST_HOST)";
				FRAMEWORK_SEARCH_PATHS = (
					"$(SDKROOT)/Developer/Library/Frameworks",
					"$(inherited)",
				);
				GCC_PREPROCESSOR_DEFINITIONS = (
					"DEBUG=1",
					"$(inherited)",
				);
				INFOPLIST_FILE = SwiftCallOCTests/Info.plist;
				LD_RUNPATH_SEARCH_PATHS = "$(inherited) @executable_path/Frameworks @loader_path/Frameworks";
				PRODUCT_NAME = "$(TARGET_NAME)";
				TEST_HOST = "$(BUILT_PRODUCTS_DIR)/SwiftCallOC.app/SwiftCallOC";
			};
			name = Debug;
		};
		5CACED721A63920800624E30 /* Release */ = {
			isa = XCBuildConfiguration;
			buildSettings = {
				BUNDLE_LOADER = "$(TEST_HOST)";
				FRAMEWORK_SEARCH_PATHS = (
					"$(SDKROOT)/Developer/Library/Frameworks",
					"$(inherited)",
				);
				INFOPLIST_FILE = SwiftCallOCTests/Info.plist;
				LD_RUNPATH_SEARCH_PATHS = "$(inherited) @executable_path/Frameworks @loader_path/Frameworks";
				PRODUCT_NAME = "$(TARGET_NAME)";
				TEST_HOST = "$(BUILT_PRODUCTS_DIR)/SwiftCallOC.app/SwiftCallOC";
			};
			name = Release;
		};
/* End XCBuildConfiguration section */

/* Begin XCConfigurationList section */
		5CACED491A63920800624E30 /* Build configuration list for PBXProject "SwiftCallOC" */ = {
			isa = XCConfigurationList;
			buildConfigurations = (
				5CACED6B1A63920800624E30 /* Debug */,
				5CACED6C1A63920800624E30 /* Release */,
			);
			defaultConfigurationIsVisible = 0;
			defaultConfigurationName = Release;
		};
		5CACED6D1A63920800624E30 /* Build configuration list for PBXNativeTarget "SwiftCallOC" */ = {
			isa = XCConfigurationList;
			buildConfigurations = (
				5CACED6E1A63920800624E30 /* Debug */,
				5CACED6F1A63920800624E30 /* Release */,
			);
			defaultConfigurationIsVisible = 0;
			defaultConfigurationName = Release;
		};
		5CACED701A63920800624E30 /* Build configuration list for PBXNativeTarget "SwiftCallOCTests" */ = {
			isa = XCConfigurationList;
			buildConfigurations = (
				5CACED711A63920800624E30 /* Debug */,
				5CACED721A63920800624E30 /* Release */,
			);
			defaultConfigurationIsVisible = 0;
			defaultConfigurationName = Release;
		};
/* End XCConfigurationList section */
	};
	rootObject = 5CACED461A63920800624E30 /* Project object */;
}
